
Microsoft Visual Studio Solution File, Format Version 12.00
# Visual Studio Version 16
VisualStudioVersion = 16.0.31112.23
MinimumVisualStudioVersion = 10.0.40219.1
Project("{FAE04EC0-301F-11D3-BF4B-00C04F79EFBC}") = "u21544931_HW04", "u21544931_HW04.csproj", "{0FE8AC28-FC28-469F-82FB-994C8862F455}"
EndProject
Global
	GlobalSection(SolutionConfigurationPlatforms) = preSolution
		Debug|Any CPU = Debug|Any CPU
		Release|Any CPU = Release|Any CPU
	EndGlobalSection
	GlobalSection(ProjectConfigurationPlatforms) = postSolution
		{0FE8AC28-FC28-469F-82FB-994C8862F455}.Debug|Any CPU.ActiveCfg = Debug|Any CPU
		{0FE8AC28-FC28-469F-82FB-994C8862F455}.Debug|Any CPU.Build.0 = Debug|Any CPU
		{0FE8AC28-FC28-469F-82FB-994C8862F455}.Release|Any CPU.ActiveCfg = Release|Any CPU
		{0FE8AC28-FC28-469F-82FB-994C8862F455}.Release|Any CPU.Build.0 = Release|Any CPU
	EndGlobalSection
	GlobalSection(SolutionProperties) = preSolution
		HideSolutionNode = FALSE
	EndGlobalSection
	GlobalSection(ExtensibilityGlobals) = postSolution
		SolutionGuid = {EE46CB7F-C832-4E3B-A093-DAD6DC78C82B}
	EndGlobalSection
EndGlobal
